<Solution>
  <Folder Name="/src/">
    <Project Path="src/ChannelService.Shared/ChannelService.Shared.csproj" />
    <Project Path="src/ChannelService/ChannelService.csproj" />
  </Folder>
  <Folder Name="/tests/">
    <Project Path="tests/ChannelService.Tests/ChannelService.Tests.csproj" />
  </Folder>
</Solution>
